# THIS FILE IS GENERATED. DO NOT EDIT.

[solution]
[solution.context]
solved = true
[[solution.state]]
crate = "aunit"
fulfilment = "solved"
pinned = false
transitivity = "direct"
versions = "~26.0.0"
[solution.state.release]
authors = [
"AdaCore",
]
description = "Ada unit test framework"
licenses = "GPL-3.0-or-later WITH GCC-exception-3.1"
maintainers = [
"chouteau@adacore.com",
"sagaert@adacore.com",
]
maintainers-logins = [
"Fabien-Chouteau",
"AldanTanneo",
]
name = "aunit"
project-files = [
"lib/gnat/aunit.gpr",
]
tags = [
"unit",
"test",
"unit-test",
]
version = "26.0.0"
[solution.state.release.configuration]
auto_gpr_with = true
disabled = true
generate_ada = true
generate_c = true
generate_gpr = true
output_dir = "config"
[solution.state.release.gpr-externals]
AUNIT_BUILD_MODE = [
"Devel",
"Install",
]
AUNIT_RUNTIME = [
"full",
"zfp",
"zfp-cross",
"ravenscar",
"ravenscar-cert",
"cert",
]
[solution.state.release.origin]
hashes = [
"sha512:b882e96a4b2cbc2d0d3838e14f2c7b6e576d6d7ccf88fe3562b1fbca61a2ebfd4e8b3379dd5c3fb3140949cda69526c8696fe3b7a6c6748fe93f116213276b39",
]
url = "https://github.com/AdaCore/aunit/archive/refs/tags/v26.0.0.zip"
[[solution.state]]
crate = "czmq_ada"
fulfilment = "solved"
pinned = false
transitivity = "direct"
versions = "~0.4.0"
[solution.state.release]
authors = [
"Jochen Lillich <contact@geewiz.dev>",
]
description = "Ada bindings for CZMQ (high-level C API for ZeroMQ)"
licenses = "MPL-2.0"
maintainers = [
"Jochen Lillich <contact@geewiz.dev>",
]
maintainers-logins = [
"geewiz",
]
name = "czmq_ada"
notes = "Requires CZMQ library to be installed.\nSee README.md for installation instructions for your platform.\n"
tags = [
"zeromq",
"messaging",
"networking",
"bindings",
]
version = "0.4.0"
website = "https://github.com/geewiz/czmq_ada"
[solution.state.release.origin]
commit = "573cf56cc18c65ab29c6a6364fa6178d86a0c812"
url = "git+https://github.com/geewiz/czmq_ada.git"

